// !$*UTF8*$!
{
	archiveVersion = 1;
	classes = {
	};
	objectVersion = 50;
	objects = {

/* Begin PBXBuildFile section */
		9603F28522D9D4A200D85B52 /* SignInVC2.swift in Sources */ = {isa = PBXBuildFile; fileRef = 9603F28422D9D4A200D85B52 /* SignInVC2.swift */; };
		9603F28722DB27CE00D85B52 /* ResetPasswordVC2.swift in Sources */ = {isa = PBXBuildFile; fileRef = 9603F28622DB27CE00D85B52 /* ResetPasswordVC2.swift */; };
		9603F28B22DB35DF00D85B52 /* CheckBoxBtn.swift in Sources */ = {isa = PBXBuildFile; fileRef = 9603F28A22DB35DF00D85B52 /* CheckBoxBtn.swift */; };
		9603F29122DB56CE00D85B52 /* SearchVC2.swift in Sources */ = {isa = PBXBuildFile; fileRef = 9603F29022DB56CE00D85B52 /* SearchVC2.swift */; };
		9603F29322DB739900D85B52 /* SearchInsuranceResultVC2.swift in Sources */ = {isa = PBXBuildFile; fileRef = 9603F29222DB739900D85B52 /* SearchInsuranceResultVC2.swift */; };
		96150D04227C847B0012D6D4 /* ICsNames.swift in Sources */ = {isa = PBXBuildFile; fileRef = 96150D03227C847B0012D6D4 /* ICsNames.swift */; };
		961AD51922C1E00800634B53 /* ChoseCityViewController.swift in Sources */ = {isa = PBXBuildFile; fileRef = 961AD51822C1E00800634B53 /* ChoseCityViewController.swift */; };
		961AD51B22C2055800634B53 /* CityAreaTableViewCell.swift in Sources */ = {isa = PBXBuildFile; fileRef = 961AD51A22C2055800634B53 /* CityAreaTableViewCell.swift */; };
		962925AA22CB8E2A00F6C1A4 /* launchAnimation.swift in Sources */ = {isa = PBXBuildFile; fileRef = 962925A922CB8E2A00F6C1A4 /* launchAnimation.swift */; };
		962925AC22CD032800F6C1A4 /* City.swift in Sources */ = {isa = PBXBuildFile; fileRef = 962925AB22CD032800F6C1A4 /* City.swift */; };
		962925AE22CD034300F6C1A4 /* insurnanceCompineis.swift in Sources */ = {isa = PBXBuildFile; fileRef = 962925AD22CD034300F6C1A4 /* insurnanceCompineis.swift */; };
		962925B022D2C91000F6C1A4 /* Patient.storyboard in Resources */ = {isa = PBXBuildFile; fileRef = 962925AF22D2C91000F6C1A4 /* Patient.storyboard */; };
		962925B422D2CE6800F6C1A4 /* UIFont+Additions.swift in Sources */ = {isa = PBXBuildFile; fileRef = 962925B322D2CE6800F6C1A4 /* UIFont+Additions.swift */; };
		9635E8D6229C057C003E1BDC /* AppointmentDetailsVC.swift in Sources */ = {isa = PBXBuildFile; fileRef = 9635E8D5229C057C003E1BDC /* AppointmentDetailsVC.swift */; };
		9635E8DA229C0736003E1BDC /* ShadowView.swift in Sources */ = {isa = PBXBuildFile; fileRef = 9635E8D9229C0736003E1BDC /* ShadowView.swift */; };
		9635E8DC229C2E6E003E1BDC /* DoctorAndAppointment.xib in Resources */ = {isa = PBXBuildFile; fileRef = 9635E8DB229C2E6E003E1BDC /* DoctorAndAppointment.xib */; };
		9635E8DE229DD9D6003E1BDC /* HospitalDoctorTableViewCell.swift in Sources */ = {isa = PBXBuildFile; fileRef = 9635E8DD229DD9D6003E1BDC /* HospitalDoctorTableViewCell.swift */; };
		963C61632275C6D900FB000A /* DoctorModel.swift in Sources */ = {isa = PBXBuildFile; fileRef = 963C615F2275C6D900FB000A /* DoctorModel.swift */; };
		963C61642275C6D900FB000A /* AreaModel.swift in Sources */ = {isa = PBXBuildFile; fileRef = 963C61602275C6D900FB000A /* AreaModel.swift */; };
		963C61652275C6D900FB000A /* CityModel.swift in Sources */ = {isa = PBXBuildFile; fileRef = 963C61612275C6D900FB000A /* CityModel.swift */; };
		963C61662275C6D900FB000A /* SpecialityModel.swift in Sources */ = {isa = PBXBuildFile; fileRef = 963C61622275C6D900FB000A /* SpecialityModel.swift */; };
		963C61682275D8AC00FB000A /* CameraHandler.swift in Sources */ = {isa = PBXBuildFile; fileRef = 963C61672275D8AC00FB000A /* CameraHandler.swift */; };
		9640589F22DBB0E200C32DD1 /* InsuranceCompanyTableViewCell.swift in Sources */ = {isa = PBXBuildFile; fileRef = 9640589E22DBB0E200C32DD1 /* InsuranceCompanyTableViewCell.swift */; };
		964058A122DCCB4E00C32DD1 /* searchTabVC2.swift in Sources */ = {isa = PBXBuildFile; fileRef = 964058A022DCCB4E00C32DD1 /* searchTabVC2.swift */; };
		964058A322DCD39700C32DD1 /* SearchGovernatesVC2.swift in Sources */ = {isa = PBXBuildFile; fileRef = 964058A222DCD39700C32DD1 /* SearchGovernatesVC2.swift */; };
		964058A522DCD63200C32DD1 /* SelectGovsTableViewCell.swift in Sources */ = {isa = PBXBuildFile; fileRef = 964058A422DCD63200C32DD1 /* SelectGovsTableViewCell.swift */; };
		964058A722DEAC9E00C32DD1 /* SearchDocNameVC2.swift in Sources */ = {isa = PBXBuildFile; fileRef = 964058A622DEAC9E00C32DD1 /* SearchDocNameVC2.swift */; };
		964058A922DEB1B000C32DD1 /* SearchDocNameTableViewCell.swift in Sources */ = {isa = PBXBuildFile; fileRef = 964058A822DEB1B000C32DD1 /* SearchDocNameTableViewCell.swift */; };
		965B746922BF447700431BA1 /* GovModel.swift in Sources */ = {isa = PBXBuildFile; fileRef = 965B746822BF447700431BA1 /* GovModel.swift */; };
		965B746B22BF6CE200431BA1 /* HospitalModel.swift in Sources */ = {isa = PBXBuildFile; fileRef = 965B746A22BF6CE200431BA1 /* HospitalModel.swift */; };
		9662E62B226B7CD500145A62 /* doctorSearchResultCell.swift in Sources */ = {isa = PBXBuildFile; fileRef = 9662E62A226B7CD500145A62 /* doctorSearchResultCell.swift */; };
		9663BBCF226FBE1100CA5900 /* HospitalFirstAfterLogin.swift in Sources */ = {isa = PBXBuildFile; fileRef = 9663BBCE226FBE1100CA5900 /* HospitalFirstAfterLogin.swift */; };
		9663BBD1226FBE5200CA5900 /* HospitalDashbored.swift in Sources */ = {isa = PBXBuildFile; fileRef = 9663BBD0226FBE5200CA5900 /* HospitalDashbored.swift */; };
		9663BBD4226FBEFE00CA5900 /* hospitalAdminPage.swift in Sources */ = {isa = PBXBuildFile; fileRef = 9663BBD3226FBEFE00CA5900 /* hospitalAdminPage.swift */; };
		9663BBD6226FBF3B00CA5900 /* hospitalDefination.swift in Sources */ = {isa = PBXBuildFile; fileRef = 9663BBD5226FBF3B00CA5900 /* hospitalDefination.swift */; };
		9663BBD8226FC24B00CA5900 /* hospitalAddDoctor.swift in Sources */ = {isa = PBXBuildFile; fileRef = 9663BBD7226FC24B00CA5900 /* hospitalAddDoctor.swift */; };
		9663BBDA226FC26200CA5900 /* hospitalDoctorData.swift in Sources */ = {isa = PBXBuildFile; fileRef = 9663BBD9226FC26200CA5900 /* hospitalDoctorData.swift */; };
		9663BBDE226FC2CB00CA5900 /* hospitalSearchToEditDoctor.swift in Sources */ = {isa = PBXBuildFile; fileRef = 9663BBDD226FC2CB00CA5900 /* hospitalSearchToEditDoctor.swift */; };
		9663BBE0226FC33600CA5900 /* hospitalEditedDoctorData.swift in Sources */ = {isa = PBXBuildFile; fileRef = 9663BBDF226FC33600CA5900 /* hospitalEditedDoctorData.swift */; };
		9663BBE2226FC3DB00CA5900 /* HospitalDoctorEditingDetails.swift in Sources */ = {isa = PBXBuildFile; fileRef = 9663BBE1226FC3DB00CA5900 /* HospitalDoctorEditingDetails.swift */; };
		9663BBE5226FD57C00CA5900 /* DefinitionOfWorkingHours.swift in Sources */ = {isa = PBXBuildFile; fileRef = 9663BBE4226FD57C00CA5900 /* DefinitionOfWorkingHours.swift */; };
		9663BBE7226FD59700CA5900 /* hospitalDoctorAppointments.swift in Sources */ = {isa = PBXBuildFile; fileRef = 9663BBE6226FD59700CA5900 /* hospitalDoctorAppointments.swift */; };
		9663BBEA226FD62D00CA5900 /* hospitalView_ModifyDoctorAppointments.swift in Sources */ = {isa = PBXBuildFile; fileRef = 9663BBE9226FD62D00CA5900 /* hospitalView_ModifyDoctorAppointments.swift */; };
		9663BBEC226FD66E00CA5900 /* hospitalDoctorAppointmentsAfterModify.swift in Sources */ = {isa = PBXBuildFile; fileRef = 9663BBEB226FD66E00CA5900 /* hospitalDoctorAppointmentsAfterModify.swift */; };
		9663BBEE226FD69900CA5900 /* HospitalBlockPatient.swift in Sources */ = {isa = PBXBuildFile; fileRef = 9663BBED226FD69900CA5900 /* HospitalBlockPatient.swift */; };
		9663BBF0226FD6D000CA5900 /* HospitalCreateAccountDoctor.swift in Sources */ = {isa = PBXBuildFile; fileRef = 9663BBEF226FD6D000CA5900 /* HospitalCreateAccountDoctor.swift */; };
		966ED99B2281B613005578B1 /* Extention+Strings.swift in Sources */ = {isa = PBXBuildFile; fileRef = 966ED99A2281B613005578B1 /* Extention+Strings.swift */; };
		9677423C2265D796004CF27A /* Hospital.storyboard in Resources */ = {isa = PBXBuildFile; fileRef = 9677423B2265D796004CF27A /* Hospital.storyboard */; };
		96847ECB22D3D70300C13396 /* FirstVC2.swift in Sources */ = {isa = PBXBuildFile; fileRef = 96847ECA22D3D70300C13396 /* FirstVC2.swift */; };
		96847ECD22D3D8CC00C13396 /* SignUpVC2.swift in Sources */ = {isa = PBXBuildFile; fileRef = 96847ECC22D3D8CC00C13396 /* SignUpVC2.swift */; };
		96879081225D87D2006FAE95 /* HomeTabbarViewController.swift in Sources */ = {isa = PBXBuildFile; fileRef = 96879080225D87D2006FAE95 /* HomeTabbarViewController.swift */; };
		968EBEA522AC2700004AB3EB /* TicketUpdateViewController.swift in Sources */ = {isa = PBXBuildFile; fileRef = 968EBEA422AC2700004AB3EB /* TicketUpdateViewController.swift */; };
		968EBEA722AC41DF004AB3EB /* UpdateTicketDetailsViewController.swift in Sources */ = {isa = PBXBuildFile; fileRef = 968EBEA622AC41DF004AB3EB /* UpdateTicketDetailsViewController.swift */; };
		969A9995229020F20066BF36 /* ExJsonToString.swift in Sources */ = {isa = PBXBuildFile; fileRef = 969A9994229020F20066BF36 /* ExJsonToString.swift */; };
		96A22810228B60F400A988AA /* User.swift in Sources */ = {isa = PBXBuildFile; fileRef = 96A2280F228B60F400A988AA /* User.swift */; };
		96A6516322C102D10014556F /* specialityTableViewCell.swift in Sources */ = {isa = PBXBuildFile; fileRef = 96A6516222C102D10014556F /* specialityTableViewCell.swift */; };
		96AE090F229818C300EEC5AC /* Doctor.storyboard in Resources */ = {isa = PBXBuildFile; fileRef = 96AE090E229818C300EEC5AC /* Doctor.storyboard */; };
		96AE091222981A0C00EEC5AC /* DoctorAppoinements.swift in Sources */ = {isa = PBXBuildFile; fileRef = 96AE091122981A0C00EEC5AC /* DoctorAppoinements.swift */; };
		96AE0914229821E200EEC5AC /* AppoinemnetCollectionViewCell.swift in Sources */ = {isa = PBXBuildFile; fileRef = 96AE0913229821E200EEC5AC /* AppoinemnetCollectionViewCell.swift */; };
		96AE091622982BAA00EEC5AC /* SearchNib.xib in Resources */ = {isa = PBXBuildFile; fileRef = 96AE091522982BAA00EEC5AC /* SearchNib.xib */; };
		96AE091822982FC400EEC5AC /* TicketModel.swift in Sources */ = {isa = PBXBuildFile; fileRef = 96AE091722982FC400EEC5AC /* TicketModel.swift */; };
		96AFFD0E2265E1C100135291 /* HospitalFirstVC.swift in Sources */ = {isa = PBXBuildFile; fileRef = 96AFFD0D2265E1C100135291 /* HospitalFirstVC.swift */; };
		96AFFD102265E2E600135291 /* HospitalSignInVC.swift in Sources */ = {isa = PBXBuildFile; fileRef = 96AFFD0F2265E2E600135291 /* HospitalSignInVC.swift */; };
		96B38C00224A5393000C132B /* moreVC.swift in Sources */ = {isa = PBXBuildFile; fileRef = 96B38BFF224A5393000C132B /* moreVC.swift */; };
		96B38C02224A5751000C132B /* settingVC.swift in Sources */ = {isa = PBXBuildFile; fileRef = 96B38C01224A5750000C132B /* settingVC.swift */; };
		96B38C06224AAAF6000C132B /* searchResultsVC.swift in Sources */ = {isa = PBXBuildFile; fileRef = 96B38C05224AAAF6000C132B /* searchResultsVC.swift */; };
		96B38C0F224AC47E000C132B /* doctorDataVC.swift in Sources */ = {isa = PBXBuildFile; fileRef = 96B38C0E224AC47E000C132B /* doctorDataVC.swift */; };
		96B38C11224AFF82000C132B /* ConfirmReservationVC.swift in Sources */ = {isa = PBXBuildFile; fileRef = 96B38C10224AFF82000C132B /* ConfirmReservationVC.swift */; };
		96B38C13224AFFCA000C132B /* CompleteTheBookingVC.swift in Sources */ = {isa = PBXBuildFile; fileRef = 96B38C12224AFFCA000C132B /* CompleteTheBookingVC.swift */; };
		96B38C15224B0035000C132B /* ChooseYourDoctorVC.swift in Sources */ = {isa = PBXBuildFile; fileRef = 96B38C14224B0035000C132B /* ChooseYourDoctorVC.swift */; };
		96B38C18224B00D2000C132B /* MyAppoinmentsVC.swift in Sources */ = {isa = PBXBuildFile; fileRef = 96B38C17224B00D2000C132B /* MyAppoinmentsVC.swift */; };
		96B38C1B224B0112000C132B /* FavoritsVC.swift in Sources */ = {isa = PBXBuildFile; fileRef = 96B38C1A224B0112000C132B /* FavoritsVC.swift */; };
		96B38C1D224B0195000C132B /* EditMyProfileVC.swift in Sources */ = {isa = PBXBuildFile; fileRef = 96B38C1C224B0195000C132B /* EditMyProfileVC.swift */; };
		96B38C1F224B01C5000C132B /* changePasswordVC.swift in Sources */ = {isa = PBXBuildFile; fileRef = 96B38C1E224B01C5000C132B /* changePasswordVC.swift */; };
		96B38C21224B0550000C132B /* ApprovalListVC.swift in Sources */ = {isa = PBXBuildFile; fileRef = 96B38C20224B0550000C132B /* ApprovalListVC.swift */; };
		96B478382273471800AB1990 /* searchDoctorResults.swift in Sources */ = {isa = PBXBuildFile; fileRef = 96B478362273471800AB1990 /* searchDoctorResults.swift */; };
		96B478392273471800AB1990 /* searchDoctorResults.xib in Resources */ = {isa = PBXBuildFile; fileRef = 96B478372273471800AB1990 /* searchDoctorResults.xib */; };
		96B81F0C227659D500E82CFC /* roundedTF.swift in Sources */ = {isa = PBXBuildFile; fileRef = 96B81F0B227659D500E82CFC /* roundedTF.swift */; };
		96BE84A5228A1682001A1B59 /* circleImage.swift in Sources */ = {isa = PBXBuildFile; fileRef = 96BE84A4228A1682001A1B59 /* circleImage.swift */; };
		96C8290A22DFC30B00C3E27F /* SearchDocsResultsVC2.swift in Sources */ = {isa = PBXBuildFile; fileRef = 96C8290922DFC30B00C3E27F /* SearchDocsResultsVC2.swift */; };
		96C8290C22DFC32D00C3E27F /* SearchDocsResultsTableViewCell.swift in Sources */ = {isa = PBXBuildFile; fileRef = 96C8290B22DFC32D00C3E27F /* SearchDocsResultsTableViewCell.swift */; };
		96CC56D222BFF2D300FB2223 /* searchCityGovVC.swift in Sources */ = {isa = PBXBuildFile; fileRef = 96CC56D122BFF2D300FB2223 /* searchCityGovVC.swift */; };
		96CC56D622C0CACD00FB2223 /* SearchSpecialityResultVC.swift in Sources */ = {isa = PBXBuildFile; fileRef = 96CC56D522C0CACD00FB2223 /* SearchSpecialityResultVC.swift */; };
		96D419F522380198001B0411 /* AppDelegate.swift in Sources */ = {isa = PBXBuildFile; fileRef = 96D419F422380198001B0411 /* AppDelegate.swift */; };
		96D419F722380199001B0411 /* firstVC.swift in Sources */ = {isa = PBXBuildFile; fileRef = 96D419F622380199001B0411 /* firstVC.swift */; };
		96D419FA22380199001B0411 /* Main.storyboard in Resources */ = {isa = PBXBuildFile; fileRef = 96D419F822380199001B0411 /* Main.storyboard */; };
		96D419FD22380199001B0411 /* Galen.xcdatamodeld in Sources */ = {isa = PBXBuildFile; fileRef = 96D419FB22380199001B0411 /* Galen.xcdatamodeld */; };
		96D419FF2238019B001B0411 /* Assets.xcassets in Resources */ = {isa = PBXBuildFile; fileRef = 96D419FE2238019B001B0411 /* Assets.xcassets */; };
		96D41A022238019B001B0411 /* LaunchScreen.storyboard in Resources */ = {isa = PBXBuildFile; fileRef = 96D41A002238019B001B0411 /* LaunchScreen.storyboard */; };
		96D41A0F22380270001B0411 /* API+Auth.swift in Sources */ = {isa = PBXBuildFile; fileRef = 96D41A0E22380270001B0411 /* API+Auth.swift */; };
		96D41A11223802A0001B0411 /* helper.swift in Sources */ = {isa = PBXBuildFile; fileRef = 96D41A10223802A0001B0411 /* helper.swift */; };
		96D41A13223802AF001B0411 /* showAlert.swift in Sources */ = {isa = PBXBuildFile; fileRef = 96D41A12223802AF001B0411 /* showAlert.swift */; };
		96D41A15223802D0001B0411 /* config.swift in Sources */ = {isa = PBXBuildFile; fileRef = 96D41A14223802D0001B0411 /* config.swift */; };
		96D41A17223802FF001B0411 /* textImage.swift in Sources */ = {isa = PBXBuildFile; fileRef = 96D41A16223802FF001B0411 /* textImage.swift */; };
		96D41A192238032D001B0411 /* gradintColor.swift in Sources */ = {isa = PBXBuildFile; fileRef = 96D41A182238032D001B0411 /* gradintColor.swift */; };
		96D41A1B22380345001B0411 /* RoundedEdges.swift in Sources */ = {isa = PBXBuildFile; fileRef = 96D41A1A22380345001B0411 /* RoundedEdges.swift */; };
		96D41A1F22380396001B0411 /* LoginVC.swift in Sources */ = {isa = PBXBuildFile; fileRef = 96D41A1E22380396001B0411 /* LoginVC.swift */; };
		96D41A21223803AC001B0411 /* restPasswordVC.swift in Sources */ = {isa = PBXBuildFile; fileRef = 96D41A20223803AC001B0411 /* restPasswordVC.swift */; };
		96D41A23223803CB001B0411 /* signUpVC.swift in Sources */ = {isa = PBXBuildFile; fileRef = 96D41A22223803CB001B0411 /* signUpVC.swift */; };
		96D41A2522380400001B0411 /* SearchSpecialityVC.swift in Sources */ = {isa = PBXBuildFile; fileRef = 96D41A2422380400001B0411 /* SearchSpecialityVC.swift */; };
		96D41A2722380421001B0411 /* PatiantSearchForDoctorVC.swift in Sources */ = {isa = PBXBuildFile; fileRef = 96D41A2622380421001B0411 /* PatiantSearchForDoctorVC.swift */; };
		96EFBEDF22A1C70000DAA5AC /* PopUpViewController.swift in Sources */ = {isa = PBXBuildFile; fileRef = 96EFBEDE22A1C70000DAA5AC /* PopUpViewController.swift */; };
		96F49D972265E8890095D09E /* HospitalResetPasswordVC.swift in Sources */ = {isa = PBXBuildFile; fileRef = 96F49D962265E8890095D09E /* HospitalResetPasswordVC.swift */; };
		D081CD13F3D2FC0E0F32E277 /* Pods_Galen.framework in Frameworks */ = {isa = PBXBuildFile; fileRef = 17438C3606885CCECC8DA425 /* Pods_Galen.framework */; };
/* End PBXBuildFile section */

/* Begin PBXFileReference section */
		17438C3606885CCECC8DA425 /* Pods_Galen.framework */ = {isa = PBXFileReference; explicitFileType = wrapper.framework; includeInIndex = 0; path = Pods_Galen.framework; sourceTree = BUILT_PRODUCTS_DIR; };
		41D394F0B9BEAB6BA1F50ADA /* Pods-Galen.debug.xcconfig */ = {isa = PBXFileReference; includeInIndex = 1; lastKnownFileType = text.xcconfig; name = "Pods-Galen.debug.xcconfig"; path = "Pods/Target Support Files/Pods-Galen/Pods-Galen.debug.xcconfig"; sourceTree = "<group>"; };
		943F9363C899EED1187A6E68 /* Pods-Galen.release.xcconfig */ = {isa = PBXFileReference; includeInIndex = 1; lastKnownFileType = text.xcconfig; name = "Pods-Galen.release.xcconfig"; path = "Pods/Target Support Files/Pods-Galen/Pods-Galen.release.xcconfig"; sourceTree = "<group>"; };
		9603F28422D9D4A200D85B52 /* SignInVC2.swift */ = {isa = PBXFileReference; lastKnownFileType = sourcecode.swift; path = SignInVC2.swift; sourceTree = "<group>"; };
		9603F28622DB27CE00D85B52 /* ResetPasswordVC2.swift */ = {isa = PBXFileReference; lastKnownFileType = sourcecode.swift; path = ResetPasswordVC2.swift; sourceTree = "<group>"; };
		9603F28A22DB35DF00D85B52 /* CheckBoxBtn.swift */ = {isa = PBXFileReference; lastKnownFileType = sourcecode.swift; path = CheckBoxBtn.swift; sourceTree = "<group>"; };
		9603F29022DB56CE00D85B52 /* SearchVC2.swift */ = {isa = PBXFileReference; lastKnownFileType = sourcecode.swift; path = SearchVC2.swift; sourceTree = "<group>"; };
		9603F29222DB739900D85B52 /* SearchInsuranceResultVC2.swift */ = {isa = PBXFileReference; lastKnownFileType = sourcecode.swift; path = SearchInsuranceResultVC2.swift; sourceTree = "<group>"; };
		96150D03227C847B0012D6D4 /* ICsNames.swift */ = {isa = PBXFileReference; lastKnownFileType = sourcecode.swift; path = ICsNames.swift; sourceTree = "<group>"; };
		961AD51822C1E00800634B53 /* ChoseCityViewController.swift */ = {isa = PBXFileReference; lastKnownFileType = sourcecode.swift; path = ChoseCityViewController.swift; sourceTree = "<group>"; };
		961AD51A22C2055800634B53 /* CityAreaTableViewCell.swift */ = {isa = PBXFileReference; lastKnownFileType = sourcecode.swift; path = CityAreaTableViewCell.swift; sourceTree = "<group>"; };
		962925A922CB8E2A00F6C1A4 /* launchAnimation.swift */ = {isa = PBXFileReference; lastKnownFileType = sourcecode.swift; path = launchAnimation.swift; sourceTree = "<group>"; };
		962925AB22CD032800F6C1A4 /* City.swift */ = {isa = PBXFileReference; lastKnownFileType = sourcecode.swift; path = City.swift; sourceTree = "<group>"; };
		962925AD22CD034300F6C1A4 /* insurnanceCompineis.swift */ = {isa = PBXFileReference; lastKnownFileType = sourcecode.swift; path = insurnanceCompineis.swift; sourceTree = "<group>"; };
		962925AF22D2C91000F6C1A4 /* Patient.storyboard */ = {isa = PBXFileReference; lastKnownFileType = file.storyboard; path = Patient.storyboard; sourceTree = "<group>"; };
		962925B322D2CE6800F6C1A4 /* UIFont+Additions.swift */ = {isa = PBXFileReference; fileEncoding = 4; lastKnownFileType = sourcecode.swift; path = "UIFont+Additions.swift"; sourceTree = "<group>"; };
		962925B822D2CF4100F6C1A4 /* Cairo-Black.ttf */ = {isa = PBXFileReference; lastKnownFileType = file; path = "Cairo-Black.ttf"; sourceTree = "<group>"; };
		962925B922D2CF4400F6C1A4 /* Cairo-Bold.ttf */ = {isa = PBXFileReference; lastKnownFileType = file; path = "Cairo-Bold.ttf"; sourceTree = "<group>"; };
		962925BA22D2CF4800F6C1A4 /* Cairo-ExtraLight.ttf */ = {isa = PBXFileReference; lastKnownFileType = file; path = "Cairo-ExtraLight.ttf"; sourceTree = "<group>"; };
		962925BB22D2CF4C00F6C1A4 /* Cairo-Light.ttf */ = {isa = PBXFileReference; lastKnownFileType = file; path = "Cairo-Light.ttf"; sourceTree = "<group>"; };
		962925BC22D2CF4E00F6C1A4 /* Cairo-Regular.ttf */ = {isa = PBXFileReference; lastKnownFileType = file; path = "Cairo-Regular.ttf"; sourceTree = "<group>"; };
		962925BD22D2CF5200F6C1A4 /* Cairo-SemiBold.ttf */ = {isa = PBXFileReference; lastKnownFileType = file; path = "Cairo-SemiBold.ttf"; sourceTree = "<group>"; };
		962925BE22D2CF5900F6C1A4 /* OFL.txt */ = {isa = PBXFileReference; lastKnownFileType = text; path = OFL.txt; sourceTree = "<group>"; };
		962925BF22D2EEB100F6C1A4 /* ar */ = {isa = PBXFileReference; lastKnownFileType = text.plist.strings; name = ar; path = ar.lproj/LaunchScreen.strings; sourceTree = "<group>"; };
		962925C022D2EEB400F6C1A4 /* ar */ = {isa = PBXFileReference; lastKnownFileType = text.plist.strings; name = ar; path = ar.lproj/Main.strings; sourceTree = "<group>"; };
		9635E8D5229C057C003E1BDC /* AppointmentDetailsVC.swift */ = {isa = PBXFileReference; lastKnownFileType = sourcecode.swift; path = AppointmentDetailsVC.swift; sourceTree = "<group>"; };
		9635E8D9229C0736003E1BDC /* ShadowView.swift */ = {isa = PBXFileReference; lastKnownFileType = sourcecode.swift; path = ShadowView.swift; sourceTree = "<group>"; };
		9635E8DB229C2E6E003E1BDC /* DoctorAndAppointment.xib */ = {isa = PBXFileReference; lastKnownFileType = file.xib; path = DoctorAndAppointment.xib; sourceTree = "<group>"; };
		9635E8DD229DD9D6003E1BDC /* HospitalDoctorTableViewCell.swift */ = {isa = PBXFileReference; lastKnownFileType = sourcecode.swift; path = HospitalDoctorTableViewCell.swift; sourceTree = "<group>"; };
		963C615F2275C6D900FB000A /* DoctorModel.swift */ = {isa = PBXFileReference; fileEncoding = 4; lastKnownFileType = sourcecode.swift; path = DoctorModel.swift; sourceTree = "<group>"; };
		963C61602275C6D900FB000A /* AreaModel.swift */ = {isa = PBXFileReference; fileEncoding = 4; lastKnownFileType = sourcecode.swift; path = AreaModel.swift; sourceTree = "<group>"; };
		963C61612275C6D900FB000A /* CityModel.swift */ = {isa = PBXFileReference; fileEncoding = 4; lastKnownFileType = sourcecode.swift; path = CityModel.swift; sourceTree = "<group>"; };
		963C61622275C6D900FB000A /* SpecialityModel.swift */ = {isa = PBXFileReference; fileEncoding = 4; lastKnownFileType = sourcecode.swift; path = SpecialityModel.swift; sourceTree = "<group>"; };
		963C61672275D8AC00FB000A /* CameraHandler.swift */ = {isa = PBXFileReference; fileEncoding = 4; lastKnownFileType = sourcecode.swift; path = CameraHandler.swift; sourceTree = "<group>"; };
		9640589E22DBB0E200C32DD1 /* InsuranceCompanyTableViewCell.swift */ = {isa = PBXFileReference; lastKnownFileType = sourcecode.swift; path = InsuranceCompanyTableViewCell.swift; sourceTree = "<group>"; };
		964058A022DCCB4E00C32DD1 /* searchTabVC2.swift */ = {isa = PBXFileReference; lastKnownFileType = sourcecode.swift; path = searchTabVC2.swift; sourceTree = "<group>"; };
		964058A222DCD39700C32DD1 /* SearchGovernatesVC2.swift */ = {isa = PBXFileReference; lastKnownFileType = sourcecode.swift; path = SearchGovernatesVC2.swift; sourceTree = "<group>"; };
		964058A422DCD63200C32DD1 /* SelectGovsTableViewCell.swift */ = {isa = PBXFileReference; lastKnownFileType = sourcecode.swift; path = SelectGovsTableViewCell.swift; sourceTree = "<group>"; };
		964058A622DEAC9E00C32DD1 /* SearchDocNameVC2.swift */ = {isa = PBXFileReference; lastKnownFileType = sourcecode.swift; path = SearchDocNameVC2.swift; sourceTree = "<group>"; };
		964058A822DEB1B000C32DD1 /* SearchDocNameTableViewCell.swift */ = {isa = PBXFileReference; lastKnownFileType = sourcecode.swift; path = SearchDocNameTableViewCell.swift; sourceTree = "<group>"; };
		965B746822BF447700431BA1 /* GovModel.swift */ = {isa = PBXFileReference; lastKnownFileType = sourcecode.swift; path = GovModel.swift; sourceTree = "<group>"; };
		965B746A22BF6CE200431BA1 /* HospitalModel.swift */ = {isa = PBXFileReference; lastKnownFileType = sourcecode.swift; path = HospitalModel.swift; sourceTree = "<group>"; };
		9662E62A226B7CD500145A62 /* doctorSearchResultCell.swift */ = {isa = PBXFileReference; lastKnownFileType = sourcecode.swift; path = doctorSearchResultCell.swift; sourceTree = "<group>"; };
		9663BBCE226FBE1100CA5900 /* HospitalFirstAfterLogin.swift */ = {isa = PBXFileReference; lastKnownFileType = sourcecode.swift; path = HospitalFirstAfterLogin.swift; sourceTree = "<group>"; };
		9663BBD0226FBE5200CA5900 /* HospitalDashbored.swift */ = {isa = PBXFileReference; lastKnownFileType = sourcecode.swift; path = HospitalDashbored.swift; sourceTree = "<group>"; };
		9663BBD3226FBEFE00CA5900 /* hospitalAdminPage.swift */ = {isa = PBXFileReference; lastKnownFileType = sourcecode.swift; path = hospitalAdminPage.swift; sourceTree = "<group>"; };
		9663BBD5226FBF3B00CA5900 /* hospitalDefination.swift */ = {isa = PBXFileReference; lastKnownFileType = sourcecode.swift; path = hospitalDefination.swift; sourceTree = "<group>"; };
		9663BBD7226FC24B00CA5900 /* hospitalAddDoctor.swift */ = {isa = PBXFileReference; lastKnownFileType = sourcecode.swift; path = hospitalAddDoctor.swift; sourceTree = "<group>"; };
		9663BBD9226FC26200CA5900 /* hospitalDoctorData.swift */ = {isa = PBXFileReference; lastKnownFileType = sourcecode.swift; path = hospitalDoctorData.swift; sourceTree = "<group>"; };
		9663BBDD226FC2CB00CA5900 /* hospitalSearchToEditDoctor.swift */ = {isa = PBXFileReference; lastKnownFileType = sourcecode.swift; path = hospitalSearchToEditDoctor.swift; sourceTree = "<group>"; };
		9663BBDF226FC33600CA5900 /* hospitalEditedDoctorData.swift */ = {isa = PBXFileReference; lastKnownFileType = sourcecode.swift; path = hospitalEditedDoctorData.swift; sourceTree = "<group>"; };
		9663BBE1226FC3DB00CA5900 /* HospitalDoctorEditingDetails.swift */ = {isa = PBXFileReference; lastKnownFileType = sourcecode.swift; path = HospitalDoctorEditingDetails.swift; sourceTree = "<group>"; };
		9663BBE4226FD57C00CA5900 /* DefinitionOfWorkingHours.swift */ = {isa = PBXFileReference; lastKnownFileType = sourcecode.swift; path = DefinitionOfWorkingHours.swift; sourceTree = "<group>"; };
		9663BBE6226FD59700CA5900 /* hospitalDoctorAppointments.swift */ = {isa = PBXFileReference; lastKnownFileType = sourcecode.swift; path = hospitalDoctorAppointments.swift; sourceTree = "<group>"; };
		9663BBE9226FD62D00CA5900 /* hospitalView_ModifyDoctorAppointments.swift */ = {isa = PBXFileReference; lastKnownFileType = sourcecode.swift; path = hospitalView_ModifyDoctorAppointments.swift; sourceTree = "<group>"; };
		9663BBEB226FD66E00CA5900 /* hospitalDoctorAppointmentsAfterModify.swift */ = {isa = PBXFileReference; lastKnownFileType = sourcecode.swift; path = hospitalDoctorAppointmentsAfterModify.swift; sourceTree = "<group>"; };
		9663BBED226FD69900CA5900 /* HospitalBlockPatient.swift */ = {isa = PBXFileReference; lastKnownFileType = sourcecode.swift; path = HospitalBlockPatient.swift; sourceTree = "<group>"; };
		9663BBEF226FD6D000CA5900 /* HospitalCreateAccountDoctor.swift */ = {isa = PBXFileReference; lastKnownFileType = sourcecode.swift; path = HospitalCreateAccountDoctor.swift; sourceTree = "<group>"; };
		966ED99A2281B613005578B1 /* Extention+Strings.swift */ = {isa = PBXFileReference; lastKnownFileType = sourcecode.swift; path = "Extention+Strings.swift"; sourceTree = "<group>"; };
		9677423B2265D796004CF27A /* Hospital.storyboard */ = {isa = PBXFileReference; lastKnownFileType = file.storyboard; path = Hospital.storyboard; sourceTree = "<group>"; };
		96847ECA22D3D70300C13396 /* FirstVC2.swift */ = {isa = PBXFileReference; lastKnownFileType = sourcecode.swift; path = FirstVC2.swift; sourceTree = "<group>"; };
		96847ECC22D3D8CC00C13396 /* SignUpVC2.swift */ = {isa = PBXFileReference; lastKnownFileType = sourcecode.swift; path = SignUpVC2.swift; sourceTree = "<group>"; };
		96879080225D87D2006FAE95 /* HomeTabbarViewController.swift */ = {isa = PBXFileReference; lastKnownFileType = sourcecode.swift; path = HomeTabbarViewController.swift; sourceTree = "<group>"; };
		968EBEA422AC2700004AB3EB /* TicketUpdateViewController.swift */ = {isa = PBXFileReference; lastKnownFileType = sourcecode.swift; path = TicketUpdateViewController.swift; sourceTree = "<group>"; };
		968EBEA622AC41DF004AB3EB /* UpdateTicketDetailsViewController.swift */ = {isa = PBXFileReference; lastKnownFileType = sourcecode.swift; path = UpdateTicketDetailsViewController.swift; sourceTree = "<group>"; };
		969A9994229020F20066BF36 /* ExJsonToString.swift */ = {isa = PBXFileReference; lastKnownFileType = sourcecode.swift; path = ExJsonToString.swift; sourceTree = "<group>"; };
		96A2280F228B60F400A988AA /* User.swift */ = {isa = PBXFileReference; lastKnownFileType = sourcecode.swift; path = User.swift; sourceTree = "<group>"; };
		96A6516222C102D10014556F /* specialityTableViewCell.swift */ = {isa = PBXFileReference; lastKnownFileType = sourcecode.swift; path = specialityTableViewCell.swift; sourceTree = "<group>"; };
		96AE090E229818C300EEC5AC /* Doctor.storyboard */ = {isa = PBXFileReference; lastKnownFileType = file.storyboard; path = Doctor.storyboard; sourceTree = "<group>"; };
		96AE091122981A0C00EEC5AC /* DoctorAppoinements.swift */ = {isa = PBXFileReference; lastKnownFileType = sourcecode.swift; path = DoctorAppoinements.swift; sourceTree = "<group>"; };
		96AE0913229821E200EEC5AC /* AppoinemnetCollectionViewCell.swift */ = {isa = PBXFileReference; lastKnownFileType = sourcecode.swift; path = AppoinemnetCollectionViewCell.swift; sourceTree = "<group>"; };
		96AE091522982BAA00EEC5AC /* SearchNib.xib */ = {isa = PBXFileReference; lastKnownFileType = file.xib; path = SearchNib.xib; sourceTree = "<group>"; };
		96AE091722982FC400EEC5AC /* TicketModel.swift */ = {isa = PBXFileReference; lastKnownFileType = sourcecode.swift; path = TicketModel.swift; sourceTree = "<group>"; };
		96AFFD0D2265E1C100135291 /* HospitalFirstVC.swift */ = {isa = PBXFileReference; lastKnownFileType = sourcecode.swift; path = HospitalFirstVC.swift; sourceTree = "<group>"; };
		96AFFD0F2265E2E600135291 /* HospitalSignInVC.swift */ = {isa = PBXFileReference; lastKnownFileType = sourcecode.swift; path = HospitalSignInVC.swift; sourceTree = "<group>"; };
		96B38BFF224A5393000C132B /* moreVC.swift */ = {isa = PBXFileReference; lastKnownFileType = sourcecode.swift; path = moreVC.swift; sourceTree = "<group>"; };
		96B38C01224A5750000C132B /* settingVC.swift */ = {isa = PBXFileReference; lastKnownFileType = sourcecode.swift; path = settingVC.swift; sourceTree = "<group>"; };
		96B38C05224AAAF6000C132B /* searchResultsVC.swift */ = {isa = PBXFileReference; lastKnownFileType = sourcecode.swift; path = searchResultsVC.swift; sourceTree = "<group>"; };
		96B38C0E224AC47E000C132B /* doctorDataVC.swift */ = {isa = PBXFileReference; lastKnownFileType = sourcecode.swift; path = doctorDataVC.swift; sourceTree = "<group>"; };
		96B38C10224AFF82000C132B /* ConfirmReservationVC.swift */ = {isa = PBXFileReference; lastKnownFileType = sourcecode.swift; path = ConfirmReservationVC.swift; sourceTree = "<group>"; };
		96B38C12224AFFCA000C132B /* CompleteTheBookingVC.swift */ = {isa = PBXFileReference; lastKnownFileType = sourcecode.swift; path = CompleteTheBookingVC.swift; sourceTree = "<group>"; };
		96B38C14224B0035000C132B /* ChooseYourDoctorVC.swift */ = {isa = PBXFileReference; lastKnownFileType = sourcecode.swift; path = ChooseYourDoctorVC.swift; sourceTree = "<group>"; };
		96B38C17224B00D2000C132B /* MyAppoinmentsVC.swift */ = {isa = PBXFileReference; lastKnownFileType = sourcecode.swift; path = MyAppoinmentsVC.swift; sourceTree = "<group>"; };
		96B38C1A224B0112000C132B /* FavoritsVC.swift */ = {isa = PBXFileReference; lastKnownFileType = sourcecode.swift; path = FavoritsVC.swift; sourceTree = "<group>"; };
		96B38C1C224B0195000C132B /* EditMyProfileVC.swift */ = {isa = PBXFileReference; lastKnownFileType = sourcecode.swift; path = EditMyProfileVC.swift; sourceTree = "<group>"; };
		96B38C1E224B01C5000C132B /* changePasswordVC.swift */ = {isa = PBXFileReference; lastKnownFileType = sourcecode.swift; path = changePasswordVC.swift; sourceTree = "<group>"; };
		96B38C20224B0550000C132B /* ApprovalListVC.swift */ = {isa = PBXFileReference; lastKnownFileType = sourcecode.swift; path = ApprovalListVC.swift; sourceTree = "<group>"; };
		96B478362273471800AB1990 /* searchDoctorResults.swift */ = {isa = PBXFileReference; lastKnownFileType = sourcecode.swift; path = searchDoctorResults.swift; sourceTree = "<group>"; };
		96B478372273471800AB1990 /* searchDoctorResults.xib */ = {isa = PBXFileReference; lastKnownFileType = file.xib; path = searchDoctorResults.xib; sourceTree = "<group>"; };
		96B81F0B227659D500E82CFC /* roundedTF.swift */ = {isa = PBXFileReference; lastKnownFileType = sourcecode.swift; path = roundedTF.swift; sourceTree = "<group>"; };
		96BE84A4228A1682001A1B59 /* circleImage.swift */ = {isa = PBXFileReference; lastKnownFileType = sourcecode.swift; path = circleImage.swift; sourceTree = "<group>"; };
		96C8290922DFC30B00C3E27F /* SearchDocsResultsVC2.swift */ = {isa = PBXFileReference; lastKnownFileType = sourcecode.swift; path = SearchDocsResultsVC2.swift; sourceTree = "<group>"; };
		96C8290B22DFC32D00C3E27F /* SearchDocsResultsTableViewCell.swift */ = {isa = PBXFileReference; lastKnownFileType = sourcecode.swift; path = SearchDocsResultsTableViewCell.swift; sourceTree = "<group>"; };
		96CC56D122BFF2D300FB2223 /* searchCityGovVC.swift */ = {isa = PBXFileReference; lastKnownFileType = sourcecode.swift; path = searchCityGovVC.swift; sourceTree = "<group>"; };
		96CC56D522C0CACD00FB2223 /* SearchSpecialityResultVC.swift */ = {isa = PBXFileReference; lastKnownFileType = sourcecode.swift; path = SearchSpecialityResultVC.swift; sourceTree = "<group>"; };
		96D419F122380198001B0411 /* Galen.app */ = {isa = PBXFileReference; explicitFileType = wrapper.application; includeInIndex = 0; path = Galen.app; sourceTree = BUILT_PRODUCTS_DIR; };
		96D419F422380198001B0411 /* AppDelegate.swift */ = {isa = PBXFileReference; lastKnownFileType = sourcecode.swift; path = AppDelegate.swift; sourceTree = "<group>"; };
		96D419F622380199001B0411 /* firstVC.swift */ = {isa = PBXFileReference; lastKnownFileType = sourcecode.swift; path = firstVC.swift; sourceTree = "<group>"; };
		96D419F922380199001B0411 /* Base */ = {isa = PBXFileReference; lastKnownFileType = file.storyboard; name = Base; path = Base.lproj/Main.storyboard; sourceTree = "<group>"; };
		96D419FC22380199001B0411 /* Galen.xcdatamodel */ = {isa = PBXFileReference; lastKnownFileType = wrapper.xcdatamodel; path = Galen.xcdatamodel; sourceTree = "<group>"; };
		96D419FE2238019B001B0411 /* Assets.xcassets */ = {isa = PBXFileReference; lastKnownFileType = folder.assetcatalog; path = Assets.xcassets; sourceTree = "<group>"; };
		96D41A012238019B001B0411 /* Base */ = {isa = PBXFileReference; lastKnownFileType = file.storyboard; name = Base; path = Base.lproj/LaunchScreen.storyboard; sourceTree = "<group>"; };
		96D41A032238019B001B0411 /* Info.plist */ = {isa = PBXFileReference; lastKnownFileType = text.plist.xml; path = Info.plist; sourceTree = "<group>"; };
		96D41A0E22380270001B0411 /* API+Auth.swift */ = {isa = PBXFileReference; lastKnownFileType = sourcecode.swift; path = "API+Auth.swift"; sourceTree = "<group>"; };
		96D41A10223802A0001B0411 /* helper.swift */ = {isa = PBXFileReference; lastKnownFileType = sourcecode.swift; path = helper.swift; sourceTree = "<group>"; };
		96D41A12223802AF001B0411 /* showAlert.swift */ = {isa = PBXFileReference; lastKnownFileType = sourcecode.swift; path = showAlert.swift; sourceTree = "<group>"; };
		96D41A14223802D0001B0411 /* config.swift */ = {isa = PBXFileReference; lastKnownFileType = sourcecode.swift; path = config.swift; sourceTree = "<group>"; };
		96D41A16223802FF001B0411 /* textImage.swift */ = {isa = PBXFileReference; lastKnownFileType = sourcecode.swift; path = textImage.swift; sourceTree = "<group>"; };
		96D41A182238032D001B0411 /* gradintColor.swift */ = {isa = PBXFileReference; lastKnownFileType = sourcecode.swift; path = gradintColor.swift; sourceTree = "<group>"; };
		96D41A1A22380345001B0411 /* RoundedEdges.swift */ = {isa = PBXFileReference; lastKnownFileType = sourcecode.swift; path = RoundedEdges.swift; sourceTree = "<group>"; };
		96D41A1E22380396001B0411 /* LoginVC.swift */ = {isa = PBXFileReference; lastKnownFileType = sourcecode.swift; path = LoginVC.swift; sourceTree = "<group>"; };
		96D41A20223803AC001B0411 /* restPasswordVC.swift */ = {isa = PBXFileReference; lastKnownFileType = sourcecode.swift; path = restPasswordVC.swift; sourceTree = "<group>"; };
		96D41A22223803CB001B0411 /* signUpVC.swift */ = {isa = PBXFileReference; lastKnownFileType = sourcecode.swift; path = signUpVC.swift; sourceTree = "<group>"; };
		96D41A2422380400001B0411 /* SearchSpecialityVC.swift */ = {isa = PBXFileReference; lastKnownFileType = sourcecode.swift; path = SearchSpecialityVC.swift; sourceTree = "<group>"; };
		96D41A2622380421001B0411 /* PatiantSearchForDoctorVC.swift */ = {isa = PBXFileReference; lastKnownFileType = sourcecode.swift; path = PatiantSearchForDoctorVC.swift; sourceTree = "<group>"; };
		96EFBEDE22A1C70000DAA5AC /* PopUpViewController.swift */ = {isa = PBXFileReference; lastKnownFileType = sourcecode.swift; path = PopUpViewController.swift; sourceTree = "<group>"; };
		96F49D962265E8890095D09E /* HospitalResetPasswordVC.swift */ = {isa = PBXFileReference; lastKnownFileType = sourcecode.swift; path = HospitalResetPasswordVC.swift; sourceTree = "<group>"; };
/* End PBXFileReference section */

/* Begin PBXFrameworksBuildPhase section */
		96D419EE22380198001B0411 /* Frameworks */ = {
			isa = PBXFrameworksBuildPhase;
			buildActionMask = 2147483647;
			files = (
				D081CD13F3D2FC0E0F32E277 /* Pods_Galen.framework in Frameworks */,
			);
			runOnlyForDeploymentPostprocessing = 0;
		};
/* End PBXFrameworksBuildPhase section */

/* Begin PBXGroup section */
		3B4C2DA8784F1C5D5193A5CF /* Pods */ = {
			isa = PBXGroup;
			children = (
				41D394F0B9BEAB6BA1F50ADA /* Pods-Galen.debug.xcconfig */,
				943F9363C899EED1187A6E68 /* Pods-Galen.release.xcconfig */,
			);
			name = Pods;
			sourceTree = "<group>";
		};
		9603F28C22DB55D900D85B52 /* auth */ = {
			isa = PBXGroup;
			children = (
				96847ECA22D3D70300C13396 /* FirstVC2.swift */,
				9603F28422D9D4A200D85B52 /* SignInVC2.swift */,
				96847ECC22D3D8CC00C13396 /* SignUpVC2.swift */,
				9603F28622DB27CE00D85B52 /* ResetPasswordVC2.swift */,
			);
			path = auth;
			sourceTree = "<group>";
		};
		9603F28D22DB55FC00D85B52 /* search */ = {
			isa = PBXGroup;
			children = (
				964058A022DCCB4E00C32DD1 /* searchTabVC2.swift */,
				9603F29022DB56CE00D85B52 /* SearchVC2.swift */,
				9603F29222DB739900D85B52 /* SearchInsuranceResultVC2.swift */,
				9640589E22DBB0E200C32DD1 /* InsuranceCompanyTableViewCell.swift */,
				964058A222DCD39700C32DD1 /* SearchGovernatesVC2.swift */,
				964058A422DCD63200C32DD1 /* SelectGovsTableViewCell.swift */,
				964058A622DEAC9E00C32DD1 /* SearchDocNameVC2.swift */,
				964058A822DEB1B000C32DD1 /* SearchDocNameTableViewCell.swift */,
				96C8290922DFC30B00C3E27F /* SearchDocsResultsVC2.swift */,
				96C8290B22DFC32D00C3E27F /* SearchDocsResultsTableViewCell.swift */,
			);
			path = search;
			sourceTree = "<group>";
		};
		962925B522D2CE7100F6C1A4 /* Fontes */ = {
			isa = PBXGroup;
			children = (
				962925B822D2CF4100F6C1A4 /* Cairo-Black.ttf */,
				962925B922D2CF4400F6C1A4 /* Cairo-Bold.ttf */,
				962925BA22D2CF4800F6C1A4 /* Cairo-ExtraLight.ttf */,
				962925BB22D2CF4C00F6C1A4 /* Cairo-Light.ttf */,
				962925BC22D2CF4E00F6C1A4 /* Cairo-Regular.ttf */,
				962925BD22D2CF5200F6C1A4 /* Cairo-SemiBold.ttf */,
				962925B322D2CE6800F6C1A4 /* UIFont+Additions.swift */,
				962925BE22D2CF5900F6C1A4 /* OFL.txt */,
			);
			path = Fontes;
			sourceTree = "<group>";
		};
		9662E625226B75BA00145A62 /* cellsClass */ = {
			isa = PBXGroup;
			children = (
				9662E62A226B7CD500145A62 /* doctorSearchResultCell.swift */,
			);
			path = cellsClass;
			sourceTree = "<group>";
		};
		9663BBCD226FBDCD00CA5900 /* First_AfterLogin */ = {
			isa = PBXGroup;
			children = (
				9663BBCE226FBE1100CA5900 /* HospitalFirstAfterLogin.swift */,
				9663BBD0226FBE5200CA5900 /* HospitalDashbored.swift */,
				9635E8DB229C2E6E003E1BDC /* DoctorAndAppointment.xib */,
				9635E8DD229DD9D6003E1BDC /* HospitalDoctorTableViewCell.swift */,
			);
			path = First_AfterLogin;
			sourceTree = "<group>";
		};
		9663BBD2226FBE8400CA5900 /* definations&Additions */ = {
			isa = PBXGroup;
			children = (
				9663BBD3226FBEFE00CA5900 /* hospitalAdminPage.swift */,
				9663BBD5226FBF3B00CA5900 /* hospitalDefination.swift */,
				9663BBDB226FC28000CA5900 /* addDoctor */,
				9663BBDC226FC2A500CA5900 /* editDoctor */,
				9663BBE3226FCA7000CA5900 /* DefinationOfWorkingTimes */,
				9663BBE8226FD5F500CA5900 /* View_ModifyDoctorAppointments */,
				9663BBED226FD69900CA5900 /* HospitalBlockPatient.swift */,
				9663BBEF226FD6D000CA5900 /* HospitalCreateAccountDoctor.swift */,
			);
			path = "definations&Additions";
			sourceTree = "<group>";
		};
		9663BBDB226FC28000CA5900 /* addDoctor */ = {
			isa = PBXGroup;
			children = (
				9663BBD7226FC24B00CA5900 /* hospitalAddDoctor.swift */,
				9663BBD9226FC26200CA5900 /* hospitalDoctorData.swift */,
				96150D03227C847B0012D6D4 /* ICsNames.swift */,
			);
			path = addDoctor;
			sourceTree = "<group>";
		};
		9663BBDC226FC2A500CA5900 /* editDoctor */ = {
			isa = PBXGroup;
			children = (
				9663BBDD226FC2CB00CA5900 /* hospitalSearchToEditDoctor.swift */,
				9663BBDF226FC33600CA5900 /* hospitalEditedDoctorData.swift */,
				9663BBE1226FC3DB00CA5900 /* HospitalDoctorEditingDetails.swift */,
			);
			path = editDoctor;
			sourceTree = "<group>";
		};
		9663BBE3226FCA7000CA5900 /* DefinationOfWorkingTimes */ = {
			isa = PBXGroup;
			children = (
				9663BBE4226FD57C00CA5900 /* DefinitionOfWorkingHours.swift */,
				9663BBE6226FD59700CA5900 /* hospitalDoctorAppointments.swift */,
			);
			path = DefinationOfWorkingTimes;
			sourceTree = "<group>";
		};
		9663BBE8226FD5F500CA5900 /* View_ModifyDoctorAppointments */ = {
			isa = PBXGroup;
			children = (
				9663BBE9226FD62D00CA5900 /* hospitalView_ModifyDoctorAppointments.swift */,
				9663BBEB226FD66E00CA5900 /* hospitalDoctorAppointmentsAfterModify.swift */,
			);
			path = View_ModifyDoctorAppointments;
			sourceTree = "<group>";
		};
		9677423A2265D759004CF27A /* storyboardModules */ = {
			isa = PBXGroup;
			children = (
				96D41A002238019B001B0411 /* LaunchScreen.storyboard */,
				96D419F822380199001B0411 /* Main.storyboard */,
				9677423B2265D796004CF27A /* Hospital.storyboard */,
				96AE090E229818C300EEC5AC /* Doctor.storyboard */,
				962925AF22D2C91000F6C1A4 /* Patient.storyboard */,
			);
			path = storyboardModules;
			sourceTree = "<group>";
		};
		96847EC822D3D6C100C13396 /* NewGalen */ = {
			isa = PBXGroup;
			children = (
				96847EC922D3D6D000C13396 /* Patient */,
			);
			path = NewGalen;
			sourceTree = "<group>";
		};
		96847EC922D3D6D000C13396 /* Patient */ = {
			isa = PBXGroup;
			children = (
				9603F28C22DB55D900D85B52 /* auth */,
				9603F28D22DB55FC00D85B52 /* search */,
			);
			path = Patient;
			sourceTree = "<group>";
		};
		96A2280E228B5D6900A988AA /* model */ = {
			isa = PBXGroup;
			children = (
				963C61602275C6D900FB000A /* AreaModel.swift */,
				963C61612275C6D900FB000A /* CityModel.swift */,
				963C615F2275C6D900FB000A /* DoctorModel.swift */,
				963C61622275C6D900FB000A /* SpecialityModel.swift */,
				96A2280F228B60F400A988AA /* User.swift */,
				96AE091722982FC400EEC5AC /* TicketModel.swift */,
				965B746822BF447700431BA1 /* GovModel.swift */,
				965B746A22BF6CE200431BA1 /* HospitalModel.swift */,
				962925AB22CD032800F6C1A4 /* City.swift */,
				962925AD22CD034300F6C1A4 /* insurnanceCompineis.swift */,
			);
			path = model;
			sourceTree = "<group>";
		};
		96AE0910229819E200EEC5AC /* Doctor */ = {
			isa = PBXGroup;
			children = (
				96AE091122981A0C00EEC5AC /* DoctorAppoinements.swift */,
				96AE0913229821E200EEC5AC /* AppoinemnetCollectionViewCell.swift */,
				9635E8D5229C057C003E1BDC /* AppointmentDetailsVC.swift */,
				96EFBEDE22A1C70000DAA5AC /* PopUpViewController.swift */,
				968EBEA422AC2700004AB3EB /* TicketUpdateViewController.swift */,
				968EBEA622AC41DF004AB3EB /* UpdateTicketDetailsViewController.swift */,
			);
			path = Doctor;
			sourceTree = "<group>";
		};
		96AFFD0C2265E11800135291 /* Hospital */ = {
			isa = PBXGroup;
			children = (
				96F49D952265E8570095D09E /* Auth */,
				9663BBCD226FBDCD00CA5900 /* First_AfterLogin */,
				9663BBD2226FBE8400CA5900 /* definations&Additions */,
			);
			path = Hospital;
			sourceTree = "<group>";
		};
		96B38BFE224A537E000C132B /* more */ = {
			isa = PBXGroup;
			children = (
				96B38BFF224A5393000C132B /* moreVC.swift */,
				96B38C01224A5750000C132B /* settingVC.swift */,
				96B38C20224B0550000C132B /* ApprovalListVC.swift */,
				96B38C1C224B0195000C132B /* EditMyProfileVC.swift */,
				96B38C1E224B01C5000C132B /* changePasswordVC.swift */,
			);
			path = more;
			sourceTree = "<group>";
		};
		96B38C03224AAA87000C132B /* SearchByAreaAndSpeciality */ = {
			isa = PBXGroup;
			children = (
				96D41A2422380400001B0411 /* SearchSpecialityVC.swift */,
				96A6516222C102D10014556F /* specialityTableViewCell.swift */,
				96B38C05224AAAF6000C132B /* searchResultsVC.swift */,
				96B38C0E224AC47E000C132B /* doctorDataVC.swift */,
				96B38C10224AFF82000C132B /* ConfirmReservationVC.swift */,
				96B38C12224AFFCA000C132B /* CompleteTheBookingVC.swift */,
				96CC56D122BFF2D300FB2223 /* searchCityGovVC.swift */,
				96CC56D522C0CACD00FB2223 /* SearchSpecialityResultVC.swift */,
				961AD51822C1E00800634B53 /* ChoseCityViewController.swift */,
				961AD51A22C2055800634B53 /* CityAreaTableViewCell.swift */,
			);
			path = SearchByAreaAndSpeciality;
			sourceTree = "<group>";
		};
		96B38C04224AAACE000C132B /* PatiantSearchForDoctor */ = {
			isa = PBXGroup;
			children = (
				96D41A2622380421001B0411 /* PatiantSearchForDoctorVC.swift */,
				96B38C14224B0035000C132B /* ChooseYourDoctorVC.swift */,
			);
			path = PatiantSearchForDoctor;
			sourceTree = "<group>";
		};
		96B38C16224B009B000C132B /* Appoinments */ = {
			isa = PBXGroup;
			children = (
				96B38C17224B00D2000C132B /* MyAppoinmentsVC.swift */,
			);
			path = Appoinments;
			sourceTree = "<group>";
		};
		96B38C19224B00FD000C132B /* Favorits */ = {
			isa = PBXGroup;
			children = (
				96B38C1A224B0112000C132B /* FavoritsVC.swift */,
			);
			path = Favorits;
			sourceTree = "<group>";
		};
		96B47835227346B500AB1990 /* serachDoctorResults */ = {
			isa = PBXGroup;
			children = (
				96B478362273471800AB1990 /* searchDoctorResults.swift */,
				96B478372273471800AB1990 /* searchDoctorResults.xib */,
				96AE091522982BAA00EEC5AC /* SearchNib.xib */,
			);
			path = serachDoctorResults;
			sourceTree = "<group>";
		};
		96D419E822380198001B0411 = {
			isa = PBXGroup;
			children = (
				96D419F322380198001B0411 /* Galen */,
				96D419F222380198001B0411 /* Products */,
				3B4C2DA8784F1C5D5193A5CF /* Pods */,
				9FF6CA6E3B155ECAB8DA34C8 /* Frameworks */,
			);
			sourceTree = "<group>";
		};
		96D419F222380198001B0411 /* Products */ = {
			isa = PBXGroup;
			children = (
				96D419F122380198001B0411 /* Galen.app */,
			);
			name = Products;
			sourceTree = "<group>";
		};
		96D419F322380198001B0411 /* Galen */ = {
			isa = PBXGroup;
			children = (
				96847EC822D3D6C100C13396 /* NewGalen */,
				962925B522D2CE7100F6C1A4 /* Fontes */,
				96AE0910229819E200EEC5AC /* Doctor */,
				96A2280E228B5D6900A988AA /* model */,
				9662E625226B75BA00145A62 /* cellsClass */,
				96D41A0C2238021F001B0411 /* URLs */,
				96D41A0A22380204001B0411 /* Extentions */,
				96D41A09223801D0001B0411 /* APIs */,
				96D41A0D22380228001B0411 /* View */,
				96D41A0B22380213001B0411 /* Patient */,
				96AFFD0C2265E11800135291 /* Hospital */,
				9677423A2265D759004CF27A /* storyboardModules */,
				96D419F422380198001B0411 /* AppDelegate.swift */,
				96D419FE2238019B001B0411 /* Assets.xcassets */,
				96D41A032238019B001B0411 /* Info.plist */,
				96D419FB22380199001B0411 /* Galen.xcdatamodeld */,
			);
			path = Galen;
			sourceTree = "<group>";
		};
		96D41A09223801D0001B0411 /* APIs */ = {
			isa = PBXGroup;
			children = (
				96D41A0E22380270001B0411 /* API+Auth.swift */,
			);
			path = APIs;
			sourceTree = "<group>";
		};
		96D41A0A22380204001B0411 /* Extentions */ = {
			isa = PBXGroup;
			children = (
				96D41A10223802A0001B0411 /* helper.swift */,
				96D41A12223802AF001B0411 /* showAlert.swift */,
				966ED99A2281B613005578B1 /* Extention+Strings.swift */,
				969A9994229020F20066BF36 /* ExJsonToString.swift */,
			);
			path = Extentions;
			sourceTree = "<group>";
		};
		96D41A0B22380213001B0411 /* Patient */ = {
			isa = PBXGroup;
			children = (
				96D41A1C2238035D001B0411 /* Auth */,
				96D41A1D22380369001B0411 /* search */,
				96B38C16224B009B000C132B /* Appoinments */,
				96B38C19224B00FD000C132B /* Favorits */,
				96B38BFE224A537E000C132B /* more */,
			);
			path = Patient;
			sourceTree = "<group>";
		};
		96D41A0C2238021F001B0411 /* URLs */ = {
			isa = PBXGroup;
			children = (
				96D41A14223802D0001B0411 /* config.swift */,
			);
			path = URLs;
			sourceTree = "<group>";
		};
		96D41A0D22380228001B0411 /* View */ = {
			isa = PBXGroup;
			children = (
				963C61672275D8AC00FB000A /* CameraHandler.swift */,
				96D41A16223802FF001B0411 /* textImage.swift */,
				96D41A182238032D001B0411 /* gradintColor.swift */,
				96D41A1A22380345001B0411 /* RoundedEdges.swift */,
				96B81F0B227659D500E82CFC /* roundedTF.swift */,
				96BE84A4228A1682001A1B59 /* circleImage.swift */,
				9635E8D9229C0736003E1BDC /* ShadowView.swift */,
				962925A922CB8E2A00F6C1A4 /* launchAnimation.swift */,
				9603F28A22DB35DF00D85B52 /* CheckBoxBtn.swift */,
			);
			path = View;
			sourceTree = "<group>";
		};
		96D41A1C2238035D001B0411 /* Auth */ = {
			isa = PBXGroup;
			children = (
				96D419F622380199001B0411 /* firstVC.swift */,
				96D41A1E22380396001B0411 /* LoginVC.swift */,
				96D41A20223803AC001B0411 /* restPasswordVC.swift */,
				96D41A22223803CB001B0411 /* signUpVC.swift */,
			);
			path = Auth;
			sourceTree = "<group>";
		};
		96D41A1D22380369001B0411 /* search */ = {
			isa = PBXGroup;
			children = (
				96B47835227346B500AB1990 /* serachDoctorResults */,
				96B38C03224AAA87000C132B /* SearchByAreaAndSpeciality */,
				96B38C04224AAACE000C132B /* PatiantSearchForDoctor */,
				96879080225D87D2006FAE95 /* HomeTabbarViewController.swift */,
			);
			path = search;
			sourceTree = "<group>";
		};
		96F49D952265E8570095D09E /* Auth */ = {
			isa = PBXGroup;
			children = (
				96AFFD0D2265E1C100135291 /* HospitalFirstVC.swift */,
				96AFFD0F2265E2E600135291 /* HospitalSignInVC.swift */,
				96F49D962265E8890095D09E /* HospitalResetPasswordVC.swift */,
			);
			path = Auth;
			sourceTree = "<group>";
		};
		9FF6CA6E3B155ECAB8DA34C8 /* Frameworks */ = {
			isa = PBXGroup;
			children = (
				17438C3606885CCECC8DA425 /* Pods_Galen.framework */,
			);
			name = Frameworks;
			sourceTree = "<group>";
		};
/* End PBXGroup section */

/* Begin PBXNativeTarget section */
		96D419F022380198001B0411 /* Galen */ = {
			isa = PBXNativeTarget;
			buildConfigurationList = 96D41A062238019B001B0411 /* Build configuration list for PBXNativeTarget "Galen" */;
			buildPhases = (
				562927F495DC1E690071BE76 /* [CP] Check Pods Manifest.lock */,
				96D419ED22380198001B0411 /* Sources */,
				96D419EE22380198001B0411 /* Frameworks */,
				96D419EF22380198001B0411 /* Resources */,
				DE6515A255A4F973B1492D6E /* [CP] Embed Pods Frameworks */,
			);
			buildRules = (
			);
			dependencies = (
			);
			name = Galen;
			productName = Galen;
			productReference = 96D419F122380198001B0411 /* Galen.app */;
			productType = "com.apple.product-type.application";
		};
/* End PBXNativeTarget section */

/* Begin PBXProject section */
		96D419E922380198001B0411 /* Project object */ = {
			isa = PBXProject;
			attributes = {
				LastSwiftUpdateCheck = 1010;
				LastUpgradeCheck = 1010;
				ORGANIZATIONNAME = "Mohamed Elfakharany";
				TargetAttributes = {
					96D419F022380198001B0411 = {
						CreatedOnToolsVersion = 10.1;
					};
				};
			};
			buildConfigurationList = 96D419EC22380198001B0411 /* Build configuration list for PBXProject "Galen" */;
			compatibilityVersion = "Xcode 9.3";
			developmentRegion = en;
			hasScannedForEncodings = 0;
			knownRegions = (
				en,
				Base,
			);
			mainGroup = 96D419E822380198001B0411;
			productRefGroup = 96D419F222380198001B0411 /* Products */;
			projectDirPath = "";
			projectRoot = "";
			targets = (
				96D419F022380198001B0411 /* Galen */,
			);
		};
/* End PBXProject section */

/* Begin PBXResourcesBuildPhase section */
		96D419EF22380198001B0411 /* Resources */ = {
			isa = PBXResourcesBuildPhase;
			buildActionMask = 2147483647;
			files = (
				96D41A022238019B001B0411 /* LaunchScreen.storyboard in Resources */,
				962925B022D2C91000F6C1A4 /* Patient.storyboard in Resources */,
				96AE090F229818C300EEC5AC /* Doctor.storyboard in Resources */,
				96D419FF2238019B001B0411 /* Assets.xcassets in Resources */,
				96B478392273471800AB1990 /* searchDoctorResults.xib in Resources */,
				96D419FA22380199001B0411 /* Main.storyboard in Resources */,
				9677423C2265D796004CF27A /* Hospital.storyboard in Resources */,
				9635E8DC229C2E6E003E1BDC /* DoctorAndAppointment.xib in Resources */,
				96AE091622982BAA00EEC5AC /* SearchNib.xib in Resources */,
			);
			runOnlyForDeploymentPostprocessing = 0;
		};
/* End PBXResourcesBuildPhase section */

/* Begin PBXShellScriptBuildPhase section */
		562927F495DC1E690071BE76 /* [CP] Check Pods Manifest.lock */ = {
			isa = PBXShellScriptBuildPhase;
			buildActionMask = 2147483647;
			files = (
			);
			inputPaths = (
				"${PODS_PODFILE_DIR_PATH}/Podfile.lock",
				"${PODS_ROOT}/Manifest.lock",
			);
			name = "[CP] Check Pods Manifest.lock";
			outputPaths = (
				"$(DERIVED_FILE_DIR)/Pods-Galen-checkManifestLockResult.txt",
			);
			runOnlyForDeploymentPostprocessing = 0;
			shellPath = /bin/sh;
			shellScript = "diff \"${PODS_PODFILE_DIR_PATH}/Podfile.lock\" \"${PODS_ROOT}/Manifest.lock\" > /dev/null\nif [ $? != 0 ] ; then\n    # print error to STDERR\n    echo \"error: The sandbox is not in sync with the Podfile.lock. Run 'pod install' or update your CocoaPods installation.\" >&2\n    exit 1\nfi\n# This output is used by Xcode 'outputs' to avoid re-running this script phase.\necho \"SUCCESS\" > \"${SCRIPT_OUTPUT_FILE_0}\"\n";
			showEnvVarsInLog = 0;
		};
		DE6515A255A4F973B1492D6E /* [CP] Embed Pods Frameworks */ = {
			isa = PBXShellScriptBuildPhase;
			buildActionMask = 2147483647;
			files = (
			);
			inputPaths = (
				"${SRCROOT}/Pods/Target Support Files/Pods-Galen/Pods-Galen-frameworks.sh",
				"${BUILT_PRODUCTS_DIR}/ADCountryPicker/ADCountryPicker.framework",
				"${BUILT_PRODUCTS_DIR}/Alamofire/Alamofire.framework",
				"${BUILT_PRODUCTS_DIR}/IQKeyboardManagerSwift/IQKeyboardManagerSwift.framework",
				"${BUILT_PRODUCTS_DIR}/SwiftyJSON/SwiftyJSON.framework",
			);
			name = "[CP] Embed Pods Frameworks";
			outputPaths = (
				"${TARGET_BUILD_DIR}/${FRAMEWORKS_FOLDER_PATH}/ADCountryPicker.framework",
				"${TARGET_BUILD_DIR}/${FRAMEWORKS_FOLDER_PATH}/Alamofire.framework",
				"${TARGET_BUILD_DIR}/${FRAMEWORKS_FOLDER_PATH}/IQKeyboardManagerSwift.framework",
				"${TARGET_BUILD_DIR}/${FRAMEWORKS_FOLDER_PATH}/SwiftyJSON.framework",
			);
			runOnlyForDeploymentPostprocessing = 0;
			shellPath = /bin/sh;
			shellScript = "\"${SRCROOT}/Pods/Target Support Files/Pods-Galen/Pods-Galen-frameworks.sh\"\n";
			showEnvVarsInLog = 0;
		};
/* End PBXShellScriptBuildPhase section */

/* Begin PBXSourcesBuildPhase section */
		96D419ED22380198001B0411 /* Sources */ = {
			isa = PBXSourcesBuildPhase;
			buildActionMask = 2147483647;
			files = (
				9663BBD6226FBF3B00CA5900 /* hospitalDefination.swift in Sources */,
				964058A722DEAC9E00C32DD1 /* SearchDocNameVC2.swift in Sources */,
				9603F28522D9D4A200D85B52 /* SignInVC2.swift in Sources */,
				9663BBEA226FD62D00CA5900 /* hospitalView_ModifyDoctorAppointments.swift in Sources */,
				96C8290A22DFC30B00C3E27F /* SearchDocsResultsVC2.swift in Sources */,
				9663BBEC226FD66E00CA5900 /* hospitalDoctorAppointmentsAfterModify.swift in Sources */,
				96D41A1F22380396001B0411 /* LoginVC.swift in Sources */,
				964058A322DCD39700C32DD1 /* SearchGovernatesVC2.swift in Sources */,
				963C61662275C6D900FB000A /* SpecialityModel.swift in Sources */,
				96A22810228B60F400A988AA /* User.swift in Sources */,
				9635E8D6229C057C003E1BDC /* AppointmentDetailsVC.swift in Sources */,
				964058A922DEB1B000C32DD1 /* SearchDocNameTableViewCell.swift in Sources */,
				962925AA22CB8E2A00F6C1A4 /* launchAnimation.swift in Sources */,
				96D41A0F22380270001B0411 /* API+Auth.swift in Sources */,
				96D41A13223802AF001B0411 /* showAlert.swift in Sources */,
				963C61642275C6D900FB000A /* AreaModel.swift in Sources */,
				96AE091222981A0C00EEC5AC /* DoctorAppoinements.swift in Sources */,
				9663BBCF226FBE1100CA5900 /* HospitalFirstAfterLogin.swift in Sources */,
				9663BBD4226FBEFE00CA5900 /* hospitalAdminPage.swift in Sources */,
				96879081225D87D2006FAE95 /* HomeTabbarViewController.swift in Sources */,
				96A6516322C102D10014556F /* specialityTableViewCell.swift in Sources */,
				969A9995229020F20066BF36 /* ExJsonToString.swift in Sources */,
				96B81F0C227659D500E82CFC /* roundedTF.swift in Sources */,
				9603F29322DB739900D85B52 /* SearchInsuranceResultVC2.swift in Sources */,
				968EBEA522AC2700004AB3EB /* TicketUpdateViewController.swift in Sources */,
				9635E8DE229DD9D6003E1BDC /* HospitalDoctorTableViewCell.swift in Sources */,
				96B38C00224A5393000C132B /* moreVC.swift in Sources */,
				9603F28722DB27CE00D85B52 /* ResetPasswordVC2.swift in Sources */,
				966ED99B2281B613005578B1 /* Extention+Strings.swift in Sources */,
				9603F29122DB56CE00D85B52 /* SearchVC2.swift in Sources */,
				96D41A2522380400001B0411 /* SearchSpecialityVC.swift in Sources */,
				96AFFD102265E2E600135291 /* HospitalSignInVC.swift in Sources */,
				96CC56D622C0CACD00FB2223 /* SearchSpecialityResultVC.swift in Sources */,
				9603F28B22DB35DF00D85B52 /* CheckBoxBtn.swift in Sources */,
				9663BBF0226FD6D000CA5900 /* HospitalCreateAccountDoctor.swift in Sources */,
				9663BBD8226FC24B00CA5900 /* hospitalAddDoctor.swift in Sources */,
				96B38C21224B0550000C132B /* ApprovalListVC.swift in Sources */,
				96B38C13224AFFCA000C132B /* CompleteTheBookingVC.swift in Sources */,
				96EFBEDF22A1C70000DAA5AC /* PopUpViewController.swift in Sources */,
				96B38C1D224B0195000C132B /* EditMyProfileVC.swift in Sources */,
				96F49D972265E8890095D09E /* HospitalResetPasswordVC.swift in Sources */,
				96847ECD22D3D8CC00C13396 /* SignUpVC2.swift in Sources */,
				96B38C11224AFF82000C132B /* ConfirmReservationVC.swift in Sources */,
				96B38C06224AAAF6000C132B /* searchResultsVC.swift in Sources */,
				96D41A2722380421001B0411 /* PatiantSearchForDoctorVC.swift in Sources */,
				96AFFD0E2265E1C100135291 /* HospitalFirstVC.swift in Sources */,
				9663BBD1226FBE5200CA5900 /* HospitalDashbored.swift in Sources */,
				96B478382273471800AB1990 /* searchDoctorResults.swift in Sources */,
				9662E62B226B7CD500145A62 /* doctorSearchResultCell.swift in Sources */,
				964058A122DCCB4E00C32DD1 /* searchTabVC2.swift in Sources */,
				963C61682275D8AC00FB000A /* CameraHandler.swift in Sources */,
				96D41A17223802FF001B0411 /* textImage.swift in Sources */,
				96D419FD22380199001B0411 /* Galen.xcdatamodeld in Sources */,
				96B38C15224B0035000C132B /* ChooseYourDoctorVC.swift in Sources */,
				961AD51B22C2055800634B53 /* CityAreaTableViewCell.swift in Sources */,
				96847ECB22D3D70300C13396 /* FirstVC2.swift in Sources */,
				96B38C1F224B01C5000C132B /* changePasswordVC.swift in Sources */,
				96D41A1B22380345001B0411 /* RoundedEdges.swift in Sources */,
				96B38C0F224AC47E000C132B /* doctorDataVC.swift in Sources */,
				96CC56D222BFF2D300FB2223 /* searchCityGovVC.swift in Sources */,
				96AE091822982FC400EEC5AC /* TicketModel.swift in Sources */,
				96C8290C22DFC32D00C3E27F /* SearchDocsResultsTableViewCell.swift in Sources */,
				96B38C02224A5751000C132B /* settingVC.swift in Sources */,
				961AD51922C1E00800634B53 /* ChoseCityViewController.swift in Sources */,
				96D419F722380199001B0411 /* firstVC.swift in Sources */,
				96D41A192238032D001B0411 /* gradintColor.swift in Sources */,
				9635E8DA229C0736003E1BDC /* ShadowView.swift in Sources */,
				962925B422D2CE6800F6C1A4 /* UIFont+Additions.swift in Sources */,
				96BE84A5228A1682001A1B59 /* circleImage.swift in Sources */,
				963C61652275C6D900FB000A /* CityModel.swift in Sources */,
				96150D04227C847B0012D6D4 /* ICsNames.swift in Sources */,
				96D41A15223802D0001B0411 /* config.swift in Sources */,
				9663BBDE226FC2CB00CA5900 /* hospitalSearchToEditDoctor.swift in Sources */,
				9663BBE2226FC3DB00CA5900 /* HospitalDoctorEditingDetails.swift in Sources */,
				96D41A21223803AC001B0411 /* restPasswordVC.swift in Sources */,
				9663BBE0226FC33600CA5900 /* hospitalEditedDoctorData.swift in Sources */,
				962925AC22CD032800F6C1A4 /* City.swift in Sources */,
				96AE0914229821E200EEC5AC /* AppoinemnetCollectionViewCell.swift in Sources */,
				965B746B22BF6CE200431BA1 /* HospitalModel.swift in Sources */,
				9663BBE7226FD59700CA5900 /* hospitalDoctorAppointments.swift in Sources */,
				964058A522DCD63200C32DD1 /* SelectGovsTableViewCell.swift in Sources */,
				9663BBE5226FD57C00CA5900 /* DefinitionOfWorkingHours.swift in Sources */,
				9663BBDA226FC26200CA5900 /* hospitalDoctorData.swift in Sources */,
				96D41A11223802A0001B0411 /* helper.swift in Sources */,
				962925AE22CD034300F6C1A4 /* insurnanceCompineis.swift in Sources */,
				963C61632275C6D900FB000A /* DoctorModel.swift in Sources */,
				9663BBEE226FD69900CA5900 /* HospitalBlockPatient.swift in Sources */,
				96B38C18224B00D2000C132B /* MyAppoinmentsVC.swift in Sources */,
				96B38C1B224B0112000C132B /* FavoritsVC.swift in Sources */,
				965B746922BF447700431BA1 /* GovModel.swift in Sources */,
				96D41A23223803CB001B0411 /* signUpVC.swift in Sources */,
				9640589F22DBB0E200C32DD1 /* InsuranceCompanyTableViewCell.swift in Sources */,
				968EBEA722AC41DF004AB3EB /* UpdateTicketDetailsViewController.swift in Sources */,
				96D419F522380198001B0411 /* AppDelegate.swift in Sources */,
			);
			runOnlyForDeploymentPostprocessing = 0;
		};
/* End PBXSourcesBuildPhase section */

/* Begin PBXVariantGroup section */
		96D419F822380199001B0411 /* Main.storyboard */ = {
			isa = PBXVariantGroup;
			children = (
				96D419F922380199001B0411 /* Base */,
				962925C022D2EEB400F6C1A4 /* ar */,
			);
			name = Main.storyboard;
			sourceTree = "<group>";
		};
		96D41A002238019B001B0411 /* LaunchScreen.storyboard */ = {
			isa = PBXVariantGroup;
			children = (
				96D41A012238019B001B0411 /* Base */,
				962925BF22D2EEB100F6C1A4 /* ar */,
			);
			name = LaunchScreen.storyboard;
			sourceTree = "<group>";
		};
/* End PBXVariantGroup section */

/* Begin XCBuildConfiguration section */
		96D41A042238019B001B0411 /* Debug */ = {
			isa = XCBuildConfiguration;
			buildSettings = {
				ALWAYS_SEARCH_USER_PATHS = NO;
				CLANG_ANALYZER_LOCALIZABILITY_NONLOCALIZED = YES;
				CLANG_ANALYZER_NONNULL = YES;
				CLANG_ANALYZER_NUMBER_OBJECT_CONVERSION = YES_AGGRESSIVE;
				CLANG_CXX_LANGUAGE_STANDARD = "gnu++14";
				CLANG_CXX_LIBRARY = "libc++";
				CLANG_ENABLE_MODULES = YES;
				CLANG_ENABLE_OBJC_ARC = YES;
				CLANG_ENABLE_OBJC_WEAK = YES;
				CLANG_WARN_BLOCK_CAPTURE_AUTORELEASING = YES;
				CLANG_WARN_BOOL_CONVERSION = YES;
				CLANG_WARN_COMMA = YES;
				CLANG_WARN_CONSTANT_CONVERSION = YES;
				CLANG_WARN_DEPRECATED_OBJC_IMPLEMENTATIONS = YES;
				CLANG_WARN_DIRECT_OBJC_ISA_USAGE = YES_ERROR;
				CLANG_WARN_DOCUMENTATION_COMMENTS = YES;
				CLANG_WARN_EMPTY_BODY = YES;
				CLANG_WARN_ENUM_CONVERSION = YES;
				CLANG_WARN_INFINITE_RECURSION = YES;
				CLANG_WARN_INT_CONVERSION = YES;
				CLANG_WARN_NON_LITERAL_NULL_CONVERSION = YES;
				CLANG_WARN_OBJC_IMPLICIT_RETAIN_SELF = YES;
				CLANG_WARN_OBJC_LITERAL_CONVERSION = YES;
				CLANG_WARN_OBJC_ROOT_CLASS = YES_ERROR;
				CLANG_WARN_RANGE_LOOP_ANALYSIS = YES;
				CLANG_WARN_STRICT_PROTOTYPES = YES;
				CLANG_WARN_SUSPICIOUS_MOVE = YES;
				CLANG_WARN_UNGUARDED_AVAILABILITY = YES_AGGRESSIVE;
				CLANG_WARN_UNREACHABLE_CODE = YES;
				CLANG_WARN__DUPLICATE_METHOD_MATCH = YES;
				CODE_SIGN_IDENTITY = "iPhone Developer";
				COPY_PHASE_STRIP = NO;
				DEBUG_INFORMATION_FORMAT = dwarf;
				ENABLE_STRICT_OBJC_MSGSEND = YES;
				ENABLE_TESTABILITY = YES;
				GCC_C_LANGUAGE_STANDARD = gnu11;
				GCC_DYNAMIC_NO_PIC = NO;
				GCC_NO_COMMON_BLOCKS = YES;
				GCC_OPTIMIZATION_LEVEL = 0;
				GCC_PREPROCESSOR_DEFINITIONS = (
					"DEBUG=1",
					"$(inherited)",
				);
				GCC_WARN_64_TO_32_BIT_CONVERSION = YES;
				GCC_WARN_ABOUT_RETURN_TYPE = YES_ERROR;
				GCC_WARN_UNDECLARED_SELECTOR = YES;
				GCC_WARN_UNINITIALIZED_AUTOS = YES_AGGRESSIVE;
				GCC_WARN_UNUSED_FUNCTION = YES;
				GCC_WARN_UNUSED_VARIABLE = YES;
				IPHONEOS_DEPLOYMENT_TARGET = 12.1;
				MTL_ENABLE_DEBUG_INFO = INCLUDE_SOURCE;
				MTL_FAST_MATH = YES;
				ONLY_ACTIVE_ARCH = YES;
				SDKROOT = iphoneos;
				SWIFT_ACTIVE_COMPILATION_CONDITIONS = DEBUG;
				SWIFT_OPTIMIZATION_LEVEL = "-Onone";
			};
			name = Debug;
		};
		96D41A052238019B001B0411 /* Release */ = {
			isa = XCBuildConfiguration;
			buildSettings = {
				ALWAYS_SEARCH_USER_PATHS = NO;
				CLANG_ANALYZER_LOCALIZABILITY_NONLOCALIZED = YES;
				CLANG_ANALYZER_NONNULL = YES;
				CLANG_ANALYZER_NUMBER_OBJECT_CONVERSION = YES_AGGRESSIVE;
				CLANG_CXX_LANGUAGE_STANDARD = "gnu++14";
				CLANG_CXX_LIBRARY = "libc++";
				CLANG_ENABLE_MODULES = YES;
				CLANG_ENABLE_OBJC_ARC = YES;
				CLANG_ENABLE_OBJC_WEAK = YES;
				CLANG_WARN_BLOCK_CAPTURE_AUTORELEASING = YES;
				CLANG_WARN_BOOL_CONVERSION = YES;
				CLANG_WARN_COMMA = YES;
				CLANG_WARN_CONSTANT_CONVERSION = YES;
				CLANG_WARN_DEPRECATED_OBJC_IMPLEMENTATIONS = YES;
				CLANG_WARN_DIRECT_OBJC_ISA_USAGE = YES_ERROR;
				CLANG_WARN_DOCUMENTATION_COMMENTS = YES;
				CLANG_WARN_EMPTY_BODY = YES;
				CLANG_WARN_ENUM_CONVERSION = YES;
				CLANG_WARN_INFINITE_RECURSION = YES;
				CLANG_WARN_INT_CONVERSION = YES;
				CLANG_WARN_NON_LITERAL_NULL_CONVERSION = YES;
				CLANG_WARN_OBJC_IMPLICIT_RETAIN_SELF = YES;
				CLANG_WARN_OBJC_LITERAL_CONVERSION = YES;
				CLANG_WARN_OBJC_ROOT_CLASS = YES_ERROR;
				CLANG_WARN_RANGE_LOOP_ANALYSIS = YES;
				CLANG_WARN_STRICT_PROTOTYPES = YES;
				CLANG_WARN_SUSPICIOUS_MOVE = YES;
				CLANG_WARN_UNGUARDED_AVAILABILITY = YES_AGGRESSIVE;
				CLANG_WARN_UNREACHABLE_CODE = YES;
				CLANG_WARN__DUPLICATE_METHOD_MATCH = YES;
				CODE_SIGN_IDENTITY = "iPhone Developer";
				COPY_PHASE_STRIP = NO;
				DEBUG_INFORMATION_FORMAT = "dwarf-with-dsym";
				ENABLE_NS_ASSERTIONS = NO;
				ENABLE_STRICT_OBJC_MSGSEND = YES;
				GCC_C_LANGUAGE_STANDARD = gnu11;
				GCC_NO_COMMON_BLOCKS = YES;
				GCC_WARN_64_TO_32_BIT_CONVERSION = YES;
				GCC_WARN_ABOUT_RETURN_TYPE = YES_ERROR;
				GCC_WARN_UNDECLARED_SELECTOR = YES;
				GCC_WARN_UNINITIALIZED_AUTOS = YES_AGGRESSIVE;
				GCC_WARN_UNUSED_FUNCTION = YES;
				GCC_WARN_UNUSED_VARIABLE = YES;
				IPHONEOS_DEPLOYMENT_TARGET = 12.1;
				MTL_ENABLE_DEBUG_INFO = NO;
				MTL_FAST_MATH = YES;
				SDKROOT = iphoneos;
				SWIFT_COMPILATION_MODE = wholemodule;
				SWIFT_OPTIMIZATION_LEVEL = "-O";
				VALIDATE_PRODUCT = YES;
			};
			name = Release;
		};
		96D41A072238019B001B0411 /* Debug */ = {
			isa = XCBuildConfiguration;
			baseConfigurationReference = 41D394F0B9BEAB6BA1F50ADA /* Pods-Galen.debug.xcconfig */;
			buildSettings = {
				ASSETCATALOG_COMPILER_APPICON_NAME = AppIcon;
				CODE_SIGN_STYLE = Automatic;
				DEVELOPMENT_TEAM = 3P53K27M38;
				INFOPLIST_FILE = Galen/Info.plist;
				IPHONEOS_DEPLOYMENT_TARGET = 12.1;
				LD_RUNPATH_SEARCH_PATHS = (
					"$(inherited)",
					"@executable_path/Frameworks",
				);
				PRODUCT_BUNDLE_IDENTIFIER = Elfakharany.Galen;
				PRODUCT_NAME = "$(TARGET_NAME)";
				SWIFT_VERSION = 4.2;
				TARGETED_DEVICE_FAMILY = 1;
			};
			name = Debug;
		};
		96D41A082238019B001B0411 /* Release */ = {
			isa = XCBuildConfiguration;
			baseConfigurationReference = 943F9363C899EED1187A6E68 /* Pods-Galen.release.xcconfig */;
			buildSettings = {
				ASSETCATALOG_COMPILER_APPICON_NAME = AppIcon;
				CODE_SIGN_STYLE = Automatic;
				DEVELOPMENT_TEAM = 3P53K27M38;
				INFOPLIST_FILE = Galen/Info.plist;
				IPHONEOS_DEPLOYMENT_TARGET = 12.1;
				LD_RUNPATH_SEARCH_PATHS = (
					"$(inherited)",
					"@executable_path/Frameworks",
				);
				PRODUCT_BUNDLE_IDENTIFIER = Elfakharany.Galen;
				PRODUCT_NAME = "$(TARGET_NAME)";
				SWIFT_VERSION = 4.2;
				TARGETED_DEVICE_FAMILY = 1;
			};
			name = Release;
		};
/* End XCBuildConfiguration section */

/* Begin XCConfigurationList section */
		96D419EC22380198001B0411 /* Build configuration list for PBXProject "Galen" */ = {
			isa = XCConfigurationList;
			buildConfigurations = (
				96D41A042238019B001B0411 /* Debug */,
				96D41A052238019B001B0411 /* Release */,
			);
			defaultConfigurationIsVisible = 0;
			defaultConfigurationName = Release;
		};
		96D41A062238019B001B0411 /* Build configuration list for PBXNativeTarget "Galen" */ = {
			isa = XCConfigurationList;
			buildConfigurations = (
				96D41A072238019B001B0411 /* Debug */,
				96D41A082238019B001B0411 /* Release */,
			);
			defaultConfigurationIsVisible = 0;
			defaultConfigurationName = Release;
		};
/* End XCConfigurationList section */

/* Begin XCVersionGroup section */
		96D419FB22380199001B0411 /* Galen.xcdatamodeld */ = {
			isa = XCVersionGroup;
			children = (
				96D419FC22380199001B0411 /* Galen.xcdatamodel */,
			);
			currentVersion = 96D419FC22380199001B0411 /* Galen.xcdatamodel */;
			path = Galen.xcdatamodeld;
			sourceTree = "<group>";
			versionGroupType = wrapper.xcdatamodel;
		};
/* End XCVersionGroup section */
	};
	rootObject = 96D419E922380198001B0411 /* Project object */;
}
